<?xml version="1.0" encoding="UTF-8" standalone="yes" ?>
<CodeBlocks_project_file>
	<FileVersion major="1" minor="6" />
	<Project>
		<Option title="Assebler_temp" />
		<Option pch_mode="2" />
		<Option compiler="gcc" />
		<Build>
			<Target title="Debug">
				<Option output="bin/Debug/Assebler_temp" prefix_auto="1" extension_auto="1" />
				<Option object_output="obj/Debug/" />
				<Option type="1" />
				<Option compiler="gcc" />
				<Compiler>
					<Add option="-g" />
				</Compiler>
			</Target>
			<Target title="Release">
				<Option output="bin/Release/Assebler_temp" prefix_auto="1" extension_auto="1" />
				<Option object_output="obj/Release/" />
				<Option type="1" />
				<Option compiler="gcc" />
				<Compiler>
					<Add option="-O2" />
				</Compiler>
				<Linker>
					<Add option="-s" />
				</Linker>
			</Target>
		</Build>
		<Compiler>
			<Add option="-Wall" />
			<Add option="-fexceptions" />
		</Compiler>
		<Unit filename="Expression.cpp" />
		<Unit filename="Expression.h" />
		<Unit filename="Instruction.cpp" />
		<Unit filename="Instruction.h" />
		<Unit filename="InstructionHandler.cpp" />
		<Unit filename="InstructionHandler.h" />
		<Unit filename="ObjectCodeHandler.cpp" />
		<Unit filename="ObjectCodeHandler.h" />
		<Unit filename="ObjectTable.cpp" />
		<Unit filename="ObjectTable.h" />
		<Unit filename="Parser.cpp" />
		<Unit filename="Parser.h" />
		<Unit filename="Registers.h" />
		<Unit filename="SplitLine.cpp" />
		<Unit filename="SplitLine.h" />
		<Unit filename="SymbolTable.cpp" />
		<Unit filename="SymbolTable.h" />
		<Unit filename="main.cpp" />
		<Extensions>
			<lib_finder disable_auto="1" />
		</Extensions>
	</Project>
</CodeBlocks_project_file>
